
Microsoft Visual Studio Solution File, Format Version 12.00
# Visual Studio 15
VisualStudioVersion = 15.0.26124.0
MinimumVisualStudioVersion = 15.0.26124.0
Project("{FAE04EC0-301F-11D3-BF4B-00C04F79EFBC}") = "WorkflowCore", "WorkflowCore\WorkflowCore.csproj", "{8780A707-82AE-4CFB-8BC2-9ACBBA474CF9}"
EndProject
Project("{FAE04EC0-301F-11D3-BF4B-00C04F79EFBC}") = "WorkflowTests", "WorkflowTests\WorkflowTests.csproj", "{F932539C-0CBB-4BD9-BB08-906F1FCFCBFD}"
EndProject
Project("{FAE04EC0-301F-11D3-BF4B-00C04F79EFBC}") = "WorkflowDriver", "WorkflowDriver\WorkflowDriver.csproj", "{63A6ED30-0290-4257-9F95-6D088F3A86E0}"
EndProject
Global
	GlobalSection(SolutionConfigurationPlatforms) = preSolution
		Debug|Any CPU = Debug|Any CPU
		Debug|x64 = Debug|x64
		Debug|x86 = Debug|x86
		Release|Any CPU = Release|Any CPU
		Release|x64 = Release|x64
		Release|x86 = Release|x86
	EndGlobalSection
	GlobalSection(SolutionProperties) = preSolution
		HideSolutionNode = FALSE
	EndGlobalSection
	GlobalSection(ProjectConfigurationPlatforms) = postSolution
		{8780A707-82AE-4CFB-8BC2-9ACBBA474CF9}.Debug|Any CPU.ActiveCfg = Debug|Any CPU
		{8780A707-82AE-4CFB-8BC2-9ACBBA474CF9}.Debug|Any CPU.Build.0 = Debug|Any CPU
		{8780A707-82AE-4CFB-8BC2-9ACBBA474CF9}.Debug|x64.ActiveCfg = Debug|Any CPU
		{8780A707-82AE-4CFB-8BC2-9ACBBA474CF9}.Debug|x64.Build.0 = Debug|Any CPU
		{8780A707-82AE-4CFB-8BC2-9ACBBA474CF9}.Debug|x86.ActiveCfg = Debug|Any CPU
		{8780A707-82AE-4CFB-8BC2-9ACBBA474CF9}.Debug|x86.Build.0 = Debug|Any CPU
		{8780A707-82AE-4CFB-8BC2-9ACBBA474CF9}.Release|Any CPU.ActiveCfg = Release|Any CPU
		{8780A707-82AE-4CFB-8BC2-9ACBBA474CF9}.Release|Any CPU.Build.0 = Release|Any CPU
		{8780A707-82AE-4CFB-8BC2-9ACBBA474CF9}.Release|x64.ActiveCfg = Release|Any CPU
		{8780A707-82AE-4CFB-8BC2-9ACBBA474CF9}.Release|x64.Build.0 = Release|Any CPU
		{8780A707-82AE-4CFB-8BC2-9ACBBA474CF9}.Release|x86.ActiveCfg = Release|Any CPU
		{8780A707-82AE-4CFB-8BC2-9ACBBA474CF9}.Release|x86.Build.0 = Release|Any CPU
		{F932539C-0CBB-4BD9-BB08-906F1FCFCBFD}.Debug|Any CPU.ActiveCfg = Debug|Any CPU
		{F932539C-0CBB-4BD9-BB08-906F1FCFCBFD}.Debug|Any CPU.Build.0 = Debug|Any CPU
		{F932539C-0CBB-4BD9-BB08-906F1FCFCBFD}.Debug|x64.ActiveCfg = Debug|Any CPU
		{F932539C-0CBB-4BD9-BB08-906F1FCFCBFD}.Debug|x64.Build.0 = Debug|Any CPU
		{F932539C-0CBB-4BD9-BB08-906F1FCFCBFD}.Debug|x86.ActiveCfg = Debug|Any CPU
		{F932539C-0CBB-4BD9-BB08-906F1FCFCBFD}.Debug|x86.Build.0 = Debug|Any CPU
		{F932539C-0CBB-4BD9-BB08-906F1FCFCBFD}.Release|Any CPU.ActiveCfg = Release|Any CPU
		{F932539C-0CBB-4BD9-BB08-906F1FCFCBFD}.Release|Any CPU.Build.0 = Release|Any CPU
		{F932539C-0CBB-4BD9-BB08-906F1FCFCBFD}.Release|x64.ActiveCfg = Release|Any CPU
		{F932539C-0CBB-4BD9-BB08-906F1FCFCBFD}.Release|x64.Build.0 = Release|Any CPU
		{F932539C-0CBB-4BD9-BB08-906F1FCFCBFD}.Release|x86.ActiveCfg = Release|Any CPU
		{F932539C-0CBB-4BD9-BB08-906F1FCFCBFD}.Release|x86.Build.0 = Release|Any CPU
		{63A6ED30-0290-4257-9F95-6D088F3A86E0}.Debug|Any CPU.ActiveCfg = Debug|Any CPU
		{63A6ED30-0290-4257-9F95-6D088F3A86E0}.Debug|Any CPU.Build.0 = Debug|Any CPU
		{63A6ED30-0290-4257-9F95-6D088F3A86E0}.Debug|x64.ActiveCfg = Debug|Any CPU
		{63A6ED30-0290-4257-9F95-6D088F3A86E0}.Debug|x64.Build.0 = Debug|Any CPU
		{63A6ED30-0290-4257-9F95-6D088F3A86E0}.Debug|x86.ActiveCfg = Debug|Any CPU
		{63A6ED30-0290-4257-9F95-6D088F3A86E0}.Debug|x86.Build.0 = Debug|Any CPU
		{63A6ED30-0290-4257-9F95-6D088F3A86E0}.Release|Any CPU.ActiveCfg = Release|Any CPU
		{63A6ED30-0290-4257-9F95-6D088F3A86E0}.Release|Any CPU.Build.0 = Release|Any CPU
		{63A6ED30-0290-4257-9F95-6D088F3A86E0}.Release|x64.ActiveCfg = Release|Any CPU
		{63A6ED30-0290-4257-9F95-6D088F3A86E0}.Release|x64.Build.0 = Release|Any CPU
		{63A6ED30-0290-4257-9F95-6D088F3A86E0}.Release|x86.ActiveCfg = Release|Any CPU
		{63A6ED30-0290-4257-9F95-6D088F3A86E0}.Release|x86.Build.0 = Release|Any CPU
	EndGlobalSection
EndGlobal
